// !$*UTF8*$!
{
	archiveVersion = 1;
	classes = {
	};
	objectVersion = 50;
	objects = {

/* Begin PBXBuildFile section */
		4D06550B2236A7660039F342 /* Chunk.cpp in Sources */ = {isa = PBXBuildFile; fileRef = 4D0655092236A7660039F342 /* Chunk.cpp */; };
		4D06550E223A5A8C0039F342 /* Entity.cpp in Sources */ = {isa = PBXBuildFile; fileRef = 4D06550C223A5A8C0039F342 /* Entity.cpp */; };
		930FD977223243D1002E553F /* Window.cpp in Sources */ = {isa = PBXBuildFile; fileRef = 930FD975223243D1002E553F /* Window.cpp */; };
		930FD97A2232484D002E553F /* OpenGL.framework in Frameworks */ = {isa = PBXBuildFile; fileRef = 930FD9792232484D002E553F /* OpenGL.framework */; };
		930FD97D22324E44002E553F /* Shader.cpp in Sources */ = {isa = PBXBuildFile; fileRef = 930FD97B22324E44002E553F /* Shader.cpp */; };
		930FD98122324EA9002E553F /* FileUtil.cpp in Sources */ = {isa = PBXBuildFile; fileRef = 930FD97F22324EA9002E553F /* FileUtil.cpp */; };
		9313BA982237CD0A000AB321 /* Material.cpp in Sources */ = {isa = PBXBuildFile; fileRef = 9313BA972237CD0A000AB321 /* Material.cpp */; };
		9313BA9B22397731000AB321 /* Triangle.cpp in Sources */ = {isa = PBXBuildFile; fileRef = 9313BA9922397731000AB321 /* Triangle.cpp */; };
		9313BA9E223978BC000AB321 /* Perlin.cpp in Sources */ = {isa = PBXBuildFile; fileRef = 9313BA9C223978BC000AB321 /* Perlin.cpp */; };
		938E1A242232D6060044BB17 /* main.cpp in Sources */ = {isa = PBXBuildFile; fileRef = 938E1A232232D6060044BB17 /* main.cpp */; };
		938E1A27223506530044BB17 /* Physics.cpp in Sources */ = {isa = PBXBuildFile; fileRef = 938E1A25223506530044BB17 /* Physics.cpp */; };
		938E1A2B223662110044BB17 /* Voxel.cpp in Sources */ = {isa = PBXBuildFile; fileRef = 938E1A29223662110044BB17 /* Voxel.cpp */; };
		938E1A2E223662450044BB17 /* Object.cpp in Sources */ = {isa = PBXBuildFile; fileRef = 938E1A2C223662450044BB17 /* Object.cpp */; };
		938E1A3122366EC70044BB17 /* Texture.cpp in Sources */ = {isa = PBXBuildFile; fileRef = 938E1A2F22366EC70044BB17 /* Texture.cpp */; };
		93D546752231576300B66D7F /* SDL2_image.framework in Frameworks */ = {isa = PBXBuildFile; fileRef = 93D546742231576300B66D7F /* SDL2_image.framework */; };
		93D5467A2231576A00B66D7F /* SDL2.framework in Frameworks */ = {isa = PBXBuildFile; fileRef = 93D546762231576A00B66D7F /* SDL2.framework */; };
		93D5467B2231576A00B66D7F /* SDL2_net.framework in Frameworks */ = {isa = PBXBuildFile; fileRef = 93D546772231576A00B66D7F /* SDL2_net.framework */; };
		93D5467C2231576A00B66D7F /* SDL2_ttf.framework in Frameworks */ = {isa = PBXBuildFile; fileRef = 93D546782231576A00B66D7F /* SDL2_ttf.framework */; };
		93D5467D2231576A00B66D7F /* SDL2_mixer.framework in Frameworks */ = {isa = PBXBuildFile; fileRef = 93D546792231576A00B66D7F /* SDL2_mixer.framework */; };
		93D54686223157CC00B66D7F /* SDL2_mixer.framework in CopyFiles */ = {isa = PBXBuildFile; fileRef = 93D546792231576A00B66D7F /* SDL2_mixer.framework */; };
		93D54687223157CC00B66D7F /* SDL2_net.framework in CopyFiles */ = {isa = PBXBuildFile; fileRef = 93D546772231576A00B66D7F /* SDL2_net.framework */; };
		93D54688223157CC00B66D7F /* SDL2_ttf.framework in CopyFiles */ = {isa = PBXBuildFile; fileRef = 93D546782231576A00B66D7F /* SDL2_ttf.framework */; };
		93D54689223157CC00B66D7F /* SDL2.framework in CopyFiles */ = {isa = PBXBuildFile; fileRef = 93D546762231576A00B66D7F /* SDL2.framework */; };
		93D5468A223157CC00B66D7F /* SDL2_image.framework in CopyFiles */ = {isa = PBXBuildFile; fileRef = 93D546742231576300B66D7F /* SDL2_image.framework */; };
		93D5468B223157CE00B66D7F /* assets in CopyFiles */ = {isa = PBXBuildFile; fileRef = 93D5467E2231577C00B66D7F /* assets */; };
		93D5469622315C1800B66D7F /* glew.c in Sources */ = {isa = PBXBuildFile; fileRef = 93D5469022315C1800B66D7F /* glew.c */; settings = {COMPILER_FLAGS = "-w"; }; };
/* End PBXBuildFile section */

/* Begin PBXCopyFilesBuildPhase section */
		93D546682231544000B66D7F /* CopyFiles */ = {
			isa = PBXCopyFilesBuildPhase;
			buildActionMask = 12;
			dstPath = "";
			dstSubfolderSpec = 16;
			files = (
				93D54686223157CC00B66D7F /* SDL2_mixer.framework in CopyFiles */,
				93D54687223157CC00B66D7F /* SDL2_net.framework in CopyFiles */,
				93D54688223157CC00B66D7F /* SDL2_ttf.framework in CopyFiles */,
				93D54689223157CC00B66D7F /* SDL2.framework in CopyFiles */,
				93D5468A223157CC00B66D7F /* SDL2_image.framework in CopyFiles */,
				93D5468B223157CE00B66D7F /* assets in CopyFiles */,
			);
			runOnlyForDeploymentPostprocessing = 0;
		};
/* End PBXCopyFilesBuildPhase section */

/* Begin PBXFileReference section */
		4D0655092236A7660039F342 /* Chunk.cpp */ = {isa = PBXFileReference; lastKnownFileType = sourcecode.cpp.cpp; path = Chunk.cpp; sourceTree = "<group>"; };
		4D06550A2236A7660039F342 /* Chunk.hpp */ = {isa = PBXFileReference; lastKnownFileType = sourcecode.cpp.h; path = Chunk.hpp; sourceTree = "<group>"; };
		4D06550C223A5A8C0039F342 /* Entity.cpp */ = {isa = PBXFileReference; lastKnownFileType = sourcecode.cpp.cpp; path = Entity.cpp; sourceTree = "<group>"; };
		4D06550D223A5A8C0039F342 /* Entity.hpp */ = {isa = PBXFileReference; lastKnownFileType = sourcecode.cpp.h; path = Entity.hpp; sourceTree = "<group>"; };
		930FD975223243D1002E553F /* Window.cpp */ = {isa = PBXFileReference; lastKnownFileType = sourcecode.cpp.cpp; path = Window.cpp; sourceTree = "<group>"; };
		930FD976223243D1002E553F /* Window.hpp */ = {isa = PBXFileReference; lastKnownFileType = sourcecode.cpp.h; path = Window.hpp; sourceTree = "<group>"; };
		930FD9792232484D002E553F /* OpenGL.framework */ = {isa = PBXFileReference; lastKnownFileType = wrapper.framework; name = OpenGL.framework; path = System/Library/Frameworks/OpenGL.framework; sourceTree = SDKROOT; };
		930FD97B22324E44002E553F /* Shader.cpp */ = {isa = PBXFileReference; lastKnownFileType = sourcecode.cpp.cpp; path = Shader.cpp; sourceTree = "<group>"; };
		930FD97C22324E44002E553F /* Shader.hpp */ = {isa = PBXFileReference; lastKnownFileType = sourcecode.cpp.h; path = Shader.hpp; sourceTree = "<group>"; };
		930FD97F22324EA9002E553F /* FileUtil.cpp */ = {isa = PBXFileReference; lastKnownFileType = sourcecode.cpp.cpp; path = FileUtil.cpp; sourceTree = "<group>"; };
		930FD98022324EA9002E553F /* FileUtil.hpp */ = {isa = PBXFileReference; lastKnownFileType = sourcecode.cpp.h; path = FileUtil.hpp; sourceTree = "<group>"; };
		930FD983223251E2002E553F /* StaticConfig.hpp */ = {isa = PBXFileReference; lastKnownFileType = sourcecode.cpp.h; path = StaticConfig.hpp; sourceTree = "<group>"; };
		9313BA962236E002000AB321 /* Material.hpp */ = {isa = PBXFileReference; lastKnownFileType = sourcecode.cpp.h; path = Material.hpp; sourceTree = "<group>"; };
		9313BA972237CD0A000AB321 /* Material.cpp */ = {isa = PBXFileReference; lastKnownFileType = sourcecode.cpp.cpp; path = Material.cpp; sourceTree = "<group>"; };
		9313BA9922397731000AB321 /* Triangle.cpp */ = {isa = PBXFileReference; lastKnownFileType = sourcecode.cpp.cpp; path = Triangle.cpp; sourceTree = "<group>"; };
		9313BA9A22397731000AB321 /* Triangle.hpp */ = {isa = PBXFileReference; lastKnownFileType = sourcecode.cpp.h; path = Triangle.hpp; sourceTree = "<group>"; };
		9313BA9C223978BC000AB321 /* Perlin.cpp */ = {isa = PBXFileReference; fileEncoding = 4; lastKnownFileType = sourcecode.cpp.cpp; path = Perlin.cpp; sourceTree = "<group>"; };
		9313BA9D223978BC000AB321 /* Perlin.hpp */ = {isa = PBXFileReference; fileEncoding = 4; lastKnownFileType = sourcecode.cpp.h; path = Perlin.hpp; sourceTree = "<group>"; };
		9313BA9F22397B0A000AB321 /* PlaygroundAaron.hpp */ = {isa = PBXFileReference; lastKnownFileType = sourcecode.cpp.h; path = PlaygroundAaron.hpp; sourceTree = "<group>"; };
		9313BAA022397B2E000AB321 /* PlaygroundKeanu.hpp */ = {isa = PBXFileReference; lastKnownFileType = sourcecode.cpp.h; path = PlaygroundKeanu.hpp; sourceTree = "<group>"; };
		938E1A202232CE4B0044BB17 /* Matrix.hpp */ = {isa = PBXFileReference; fileEncoding = 4; lastKnownFileType = sourcecode.cpp.h; path = Matrix.hpp; sourceTree = "<group>"; };
		938E1A212232CE4B0044BB17 /* Vector.hpp */ = {isa = PBXFileReference; fileEncoding = 4; lastKnownFileType = sourcecode.cpp.h; path = Vector.hpp; sourceTree = "<group>"; };
		938E1A222232CEAE0044BB17 /* Math.hpp */ = {isa = PBXFileReference; lastKnownFileType = sourcecode.cpp.h; path = Math.hpp; sourceTree = "<group>"; };
		938E1A232232D6060044BB17 /* main.cpp */ = {isa = PBXFileReference; fileEncoding = 4; lastKnownFileType = sourcecode.cpp.cpp; name = main.cpp; path = Voxels/main.cpp; sourceTree = "<group>"; };
		938E1A25223506530044BB17 /* Physics.cpp */ = {isa = PBXFileReference; lastKnownFileType = sourcecode.cpp.cpp; path = Physics.cpp; sourceTree = "<group>"; };
		938E1A26223506530044BB17 /* Physics.hpp */ = {isa = PBXFileReference; lastKnownFileType = sourcecode.cpp.h; path = Physics.hpp; sourceTree = "<group>"; };
		938E1A29223662110044BB17 /* Voxel.cpp */ = {isa = PBXFileReference; lastKnownFileType = sourcecode.cpp.cpp; path = Voxel.cpp; sourceTree = "<group>"; };
		938E1A2A223662110044BB17 /* Voxel.hpp */ = {isa = PBXFileReference; lastKnownFileType = sourcecode.cpp.h; path = Voxel.hpp; sourceTree = "<group>"; };
		938E1A2C223662450044BB17 /* Object.cpp */ = {isa = PBXFileReference; lastKnownFileType = sourcecode.cpp.cpp; path = Object.cpp; sourceTree = "<group>"; };
		938E1A2D223662450044BB17 /* Object.hpp */ = {isa = PBXFileReference; lastKnownFileType = sourcecode.cpp.h; path = Object.hpp; sourceTree = "<group>"; };
		938E1A2F22366EC70044BB17 /* Texture.cpp */ = {isa = PBXFileReference; lastKnownFileType = sourcecode.cpp.cpp; path = Texture.cpp; sourceTree = "<group>"; };
		938E1A3022366EC70044BB17 /* Texture.hpp */ = {isa = PBXFileReference; lastKnownFileType = sourcecode.cpp.h; path = Texture.hpp; sourceTree = "<group>"; };
		93D5466A2231544000B66D7F /* Voxels */ = {isa = PBXFileReference; explicitFileType = "compiled.mach-o.executable"; includeInIndex = 0; path = Voxels; sourceTree = BUILT_PRODUCTS_DIR; };
		93D546742231576300B66D7F /* SDL2_image.framework */ = {isa = PBXFileReference; lastKnownFileType = wrapper.framework; name = SDL2_image.framework; path = ../SDL2_image.framework; sourceTree = "<group>"; };
		93D546762231576A00B66D7F /* SDL2.framework */ = {isa = PBXFileReference; lastKnownFileType = wrapper.framework; name = SDL2.framework; path = ../SDL2.framework; sourceTree = "<group>"; };
		93D546772231576A00B66D7F /* SDL2_net.framework */ = {isa = PBXFileReference; lastKnownFileType = wrapper.framework; name = SDL2_net.framework; path = ../SDL2_net.framework; sourceTree = "<group>"; };
		93D546782231576A00B66D7F /* SDL2_ttf.framework */ = {isa = PBXFileReference; lastKnownFileType = wrapper.framework; name = SDL2_ttf.framework; path = ../SDL2_ttf.framework; sourceTree = "<group>"; };
		93D546792231576A00B66D7F /* SDL2_mixer.framework */ = {isa = PBXFileReference; lastKnownFileType = wrapper.framework; name = SDL2_mixer.framework; path = ../SDL2_mixer.framework; sourceTree = "<group>"; };
		93D5467E2231577C00B66D7F /* assets */ = {isa = PBXFileReference; lastKnownFileType = folder; name = assets; path = ../../assets; sourceTree = "<group>"; };
		93D5469022315C1800B66D7F /* glew.c */ = {isa = PBXFileReference; fileEncoding = 4; lastKnownFileType = sourcecode.c.c; path = glew.c; sourceTree = "<group>"; };
		93D5469222315C1800B66D7F /* glxew.h */ = {isa = PBXFileReference; fileEncoding = 4; lastKnownFileType = sourcecode.c.h; path = glxew.h; sourceTree = "<group>"; };
		93D5469322315C1800B66D7F /* eglew.h */ = {isa = PBXFileReference; fileEncoding = 4; lastKnownFileType = sourcecode.c.h; path = eglew.h; sourceTree = "<group>"; };
		93D5469422315C1800B66D7F /* wglew.h */ = {isa = PBXFileReference; fileEncoding = 4; lastKnownFileType = sourcecode.c.h; path = wglew.h; sourceTree = "<group>"; };
		93D5469522315C1800B66D7F /* glew.h */ = {isa = PBXFileReference; fileEncoding = 4; lastKnownFileType = sourcecode.c.h; path = glew.h; sourceTree = "<group>"; };
/* End PBXFileReference section */

/* Begin PBXFrameworksBuildPhase section */
		93D546672231544000B66D7F /* Frameworks */ = {
			isa = PBXFrameworksBuildPhase;
			buildActionMask = 2147483647;
			files = (
				930FD97A2232484D002E553F /* OpenGL.framework in Frameworks */,
				93D5467C2231576A00B66D7F /* SDL2_ttf.framework in Frameworks */,
				93D5467D2231576A00B66D7F /* SDL2_mixer.framework in Frameworks */,
				93D546752231576300B66D7F /* SDL2_image.framework in Frameworks */,
				93D5467A2231576A00B66D7F /* SDL2.framework in Frameworks */,
				93D5467B2231576A00B66D7F /* SDL2_net.framework in Frameworks */,
			);
			runOnlyForDeploymentPostprocessing = 0;
		};
/* End PBXFrameworksBuildPhase section */

/* Begin PBXGroup section */
		4D06550F223A5AB30039F342 /* Entity */ = {
			isa = PBXGroup;
			children = (
				4D06550C223A5A8C0039F342 /* Entity.cpp */,
				4D06550D223A5A8C0039F342 /* Entity.hpp */,
			);
			path = Entity;
			sourceTree = "<group>";
		};
		930FD973223243B9002E553F /* graphics */ = {
			isa = PBXGroup;
			children = (
				4D06550F223A5AB30039F342 /* Entity */,
				938E1A282236603A0044BB17 /* objects */,
				930FD975223243D1002E553F /* Window.cpp */,
				930FD976223243D1002E553F /* Window.hpp */,
				930FD97B22324E44002E553F /* Shader.cpp */,
				930FD97C22324E44002E553F /* Shader.hpp */,
				938E1A2F22366EC70044BB17 /* Texture.cpp */,
				938E1A3022366EC70044BB17 /* Texture.hpp */,
				4D0655092236A7660039F342 /* Chunk.cpp */,
				4D06550A2236A7660039F342 /* Chunk.hpp */,
			);
			path = graphics;
			sourceTree = "<group>";
		};
		930FD974223243C6002E553F /* math */ = {
			isa = PBXGroup;
			children = (
				9313BA9C223978BC000AB321 /* Perlin.cpp */,
				9313BA9D223978BC000AB321 /* Perlin.hpp */,
				938E1A202232CE4B0044BB17 /* Matrix.hpp */,
				938E1A212232CE4B0044BB17 /* Vector.hpp */,
				938E1A222232CEAE0044BB17 /* Math.hpp */,
				938E1A25223506530044BB17 /* Physics.cpp */,
				938E1A26223506530044BB17 /* Physics.hpp */,
			);
			path = math;
			sourceTree = "<group>";
		};
		930FD9782232484D002E553F /* Frameworks */ = {
			isa = PBXGroup;
			children = (
				930FD9792232484D002E553F /* OpenGL.framework */,
			);
			name = Frameworks;
			sourceTree = "<group>";
		};
		930FD97E22324E9B002E553F /* util */ = {
			isa = PBXGroup;
			children = (
				930FD97F22324EA9002E553F /* FileUtil.cpp */,
				930FD98022324EA9002E553F /* FileUtil.hpp */,
			);
			path = util;
			sourceTree = "<group>";
		};
		930FD982223251AA002E553F /* config */ = {
			isa = PBXGroup;
			children = (
				930FD983223251E2002E553F /* StaticConfig.hpp */,
			);
			path = config;
			sourceTree = "<group>";
		};
		938E1A282236603A0044BB17 /* objects */ = {
			isa = PBXGroup;
			children = (
				938E1A29223662110044BB17 /* Voxel.cpp */,
				938E1A2A223662110044BB17 /* Voxel.hpp */,
				938E1A2C223662450044BB17 /* Object.cpp */,
				938E1A2D223662450044BB17 /* Object.hpp */,
				9313BA962236E002000AB321 /* Material.hpp */,
				9313BA972237CD0A000AB321 /* Material.cpp */,
				9313BA9922397731000AB321 /* Triangle.cpp */,
				9313BA9A22397731000AB321 /* Triangle.hpp */,
			);
			path = objects;
			sourceTree = "<group>";
		};
		93D546612231544000B66D7F = {
			isa = PBXGroup;
			children = (
				93D546792231576A00B66D7F /* SDL2_mixer.framework */,
				93D546772231576A00B66D7F /* SDL2_net.framework */,
				93D546782231576A00B66D7F /* SDL2_ttf.framework */,
				93D546762231576A00B66D7F /* SDL2.framework */,
				93D546742231576300B66D7F /* SDL2_image.framework */,
				93D5466C2231544000B66D7F /* Voxels */,
				938E1A232232D6060044BB17 /* main.cpp */,
				93D5466B2231544000B66D7F /* Products */,
				930FD9782232484D002E553F /* Frameworks */,
			);
			sourceTree = "<group>";
		};
		93D5466B2231544000B66D7F /* Products */ = {
			isa = PBXGroup;
			children = (
				93D5466A2231544000B66D7F /* Voxels */,
			);
			name = Products;
			sourceTree = "<group>";
		};
		93D5466C2231544000B66D7F /* Voxels */ = {
			isa = PBXGroup;
			children = (
				93D5467E2231577C00B66D7F /* assets */,
				930FD982223251AA002E553F /* config */,
				930FD97E22324E9B002E553F /* util */,
				930FD974223243C6002E553F /* math */,
				930FD973223243B9002E553F /* graphics */,
				93D5468F22315C1800B66D7F /* glew */,
				9313BA9F22397B0A000AB321 /* PlaygroundAaron.hpp */,
				9313BAA022397B2E000AB321 /* PlaygroundKeanu.hpp */,
			);
			path = Voxels;
			sourceTree = "<group>";
		};
		93D5468F22315C1800B66D7F /* glew */ = {
			isa = PBXGroup;
			children = (
				93D5469022315C1800B66D7F /* glew.c */,
				93D5469122315C1800B66D7F /* GL */,
			);
			path = glew;
			sourceTree = "<group>";
		};
		93D5469122315C1800B66D7F /* GL */ = {
			isa = PBXGroup;
			children = (
				93D5469222315C1800B66D7F /* glxew.h */,
				93D5469322315C1800B66D7F /* eglew.h */,
				93D5469422315C1800B66D7F /* wglew.h */,
				93D5469522315C1800B66D7F /* glew.h */,
			);
			path = GL;
			sourceTree = "<group>";
		};
/* End PBXGroup section */

/* Begin PBXNativeTarget section */
		93D546692231544000B66D7F /* Voxels */ = {
			isa = PBXNativeTarget;
			buildConfigurationList = 93D546712231544000B66D7F /* Build configuration list for PBXNativeTarget "Voxels" */;
			buildPhases = (
				93D546662231544000B66D7F /* Sources */,
				93D546672231544000B66D7F /* Frameworks */,
				93D546682231544000B66D7F /* CopyFiles */,
			);
			buildRules = (
			);
			dependencies = (
			);
			name = Voxels;
			productName = Voxels;
			productReference = 93D5466A2231544000B66D7F /* Voxels */;
			productType = "com.apple.product-type.tool";
		};
/* End PBXNativeTarget section */

/* Begin PBXProject section */
		93D546622231544000B66D7F /* Project object */ = {
			isa = PBXProject;
			attributes = {
				LastUpgradeCheck = 1010;
				ORGANIZATIONNAME = "Aaron Hodel";
				TargetAttributes = {
					93D546692231544000B66D7F = {
						CreatedOnToolsVersion = 10.1;
					};
				};
			};
			buildConfigurationList = 93D546652231544000B66D7F /* Build configuration list for PBXProject "Voxels" */;
			compatibilityVersion = "Xcode 9.3";
			developmentRegion = en;
			hasScannedForEncodings = 0;
			knownRegions = (
				en,
			);
			mainGroup = 93D546612231544000B66D7F;
			productRefGroup = 93D5466B2231544000B66D7F /* Products */;
			projectDirPath = "";
			projectRoot = "";
			targets = (
				93D546692231544000B66D7F /* Voxels */,
			);
		};
/* End PBXProject section */

/* Begin PBXSourcesBuildPhase section */
		93D546662231544000B66D7F /* Sources */ = {
			isa = PBXSourcesBuildPhase;
			buildActionMask = 2147483647;
			files = (
				93D5469622315C1800B66D7F /* glew.c in Sources */,
				4D06550B2236A7660039F342 /* Chunk.cpp in Sources */,
				4D06550E223A5A8C0039F342 /* Entity.cpp in Sources */,
				930FD977223243D1002E553F /* Window.cpp in Sources */,
				9313BA9E223978BC000AB321 /* Perlin.cpp in Sources */,
				938E1A2E223662450044BB17 /* Object.cpp in Sources */,
				9313BA982237CD0A000AB321 /* Material.cpp in Sources */,
				938E1A3122366EC70044BB17 /* Texture.cpp in Sources */,
				930FD98122324EA9002E553F /* FileUtil.cpp in Sources */,
				9313BA9B22397731000AB321 /* Triangle.cpp in Sources */,
				938E1A27223506530044BB17 /* Physics.cpp in Sources */,
				938E1A242232D6060044BB17 /* main.cpp in Sources */,
				938E1A2B223662110044BB17 /* Voxel.cpp in Sources */,
				930FD97D22324E44002E553F /* Shader.cpp in Sources */,
			);
			runOnlyForDeploymentPostprocessing = 0;
		};
/* End PBXSourcesBuildPhase section */

/* Begin XCBuildConfiguration section */
		93D5466F2231544000B66D7F /* Debug */ = {
			isa = XCBuildConfiguration;
			buildSettings = {
				ALWAYS_SEARCH_USER_PATHS = NO;
				CLANG_ANALYZER_NONNULL = YES;
				CLANG_ANALYZER_NUMBER_OBJECT_CONVERSION = YES_AGGRESSIVE;
				CLANG_CXX_LANGUAGE_STANDARD = "gnu++14";
				CLANG_CXX_LIBRARY = "libc++";
				CLANG_ENABLE_MODULES = YES;
				CLANG_ENABLE_OBJC_ARC = YES;
				CLANG_ENABLE_OBJC_WEAK = YES;
				CLANG_WARN_BLOCK_CAPTURE_AUTORELEASING = YES;
				CLANG_WARN_BOOL_CONVERSION = YES;
				CLANG_WARN_COMMA = YES;
				CLANG_WARN_CONSTANT_CONVERSION = YES;
				CLANG_WARN_DEPRECATED_OBJC_IMPLEMENTATIONS = YES;
				CLANG_WARN_DIRECT_OBJC_ISA_USAGE = YES_ERROR;
				CLANG_WARN_DOCUMENTATION_COMMENTS = YES;
				CLANG_WARN_EMPTY_BODY = YES;
				CLANG_WARN_ENUM_CONVERSION = YES;
				CLANG_WARN_INFINITE_RECURSION = YES;
				CLANG_WARN_INT_CONVERSION = YES;
				CLANG_WARN_NON_LITERAL_NULL_CONVERSION = YES;
				CLANG_WARN_OBJC_IMPLICIT_RETAIN_SELF = YES;
				CLANG_WARN_OBJC_LITERAL_CONVERSION = YES;
				CLANG_WARN_OBJC_ROOT_CLASS = YES_ERROR;
				CLANG_WARN_RANGE_LOOP_ANALYSIS = YES;
				CLANG_WARN_STRICT_PROTOTYPES = YES;
				CLANG_WARN_SUSPICIOUS_MOVE = YES;
				CLANG_WARN_UNGUARDED_AVAILABILITY = YES_AGGRESSIVE;
				CLANG_WARN_UNREACHABLE_CODE = YES;
				CLANG_WARN__DUPLICATE_METHOD_MATCH = YES;
				CODE_SIGN_IDENTITY = "Mac Developer";
				COPY_PHASE_STRIP = NO;
				DEBUG_INFORMATION_FORMAT = dwarf;
				ENABLE_STRICT_OBJC_MSGSEND = YES;
				ENABLE_TESTABILITY = YES;
				GCC_C_LANGUAGE_STANDARD = gnu11;
				GCC_DYNAMIC_NO_PIC = NO;
				GCC_NO_COMMON_BLOCKS = YES;
				GCC_OPTIMIZATION_LEVEL = 0;
				GCC_PREPROCESSOR_DEFINITIONS = (
					"DEBUG=1",
					"$(inherited)",
				);
				GCC_WARN_64_TO_32_BIT_CONVERSION = YES;
				GCC_WARN_ABOUT_RETURN_TYPE = YES_ERROR;
				GCC_WARN_UNDECLARED_SELECTOR = YES;
				GCC_WARN_UNINITIALIZED_AUTOS = YES_AGGRESSIVE;
				GCC_WARN_UNUSED_FUNCTION = YES;
				GCC_WARN_UNUSED_VARIABLE = YES;
				MACOSX_DEPLOYMENT_TARGET = 10.14;
				MTL_ENABLE_DEBUG_INFO = INCLUDE_SOURCE;
				MTL_FAST_MATH = YES;
				ONLY_ACTIVE_ARCH = YES;
				SDKROOT = macosx;
			};
			name = Debug;
		};
		93D546702231544000B66D7F /* Release */ = {
			isa = XCBuildConfiguration;
			buildSettings = {
				ALWAYS_SEARCH_USER_PATHS = NO;
				CLANG_ANALYZER_NONNULL = YES;
				CLANG_ANALYZER_NUMBER_OBJECT_CONVERSION = YES_AGGRESSIVE;
				CLANG_CXX_LANGUAGE_STANDARD = "gnu++14";
				CLANG_CXX_LIBRARY = "libc++";
				CLANG_ENABLE_MODULES = YES;
				CLANG_ENABLE_OBJC_ARC = YES;
				CLANG_ENABLE_OBJC_WEAK = YES;
				CLANG_WARN_BLOCK_CAPTURE_AUTORELEASING = YES;
				CLANG_WARN_BOOL_CONVERSION = YES;
				CLANG_WARN_COMMA = YES;
				CLANG_WARN_CONSTANT_CONVERSION = YES;
				CLANG_WARN_DEPRECATED_OBJC_IMPLEMENTATIONS = YES;
				CLANG_WARN_DIRECT_OBJC_ISA_USAGE = YES_ERROR;
				CLANG_WARN_DOCUMENTATION_COMMENTS = YES;
				CLANG_WARN_EMPTY_BODY = YES;
				CLANG_WARN_ENUM_CONVERSION = YES;
				CLANG_WARN_INFINITE_RECURSION = YES;
				CLANG_WARN_INT_CONVERSION = YES;
				CLANG_WARN_NON_LITERAL_NULL_CONVERSION = YES;
				CLANG_WARN_OBJC_IMPLICIT_RETAIN_SELF = YES;
				CLANG_WARN_OBJC_LITERAL_CONVERSION = YES;
				CLANG_WARN_OBJC_ROOT_CLASS = YES_ERROR;
				CLANG_WARN_RANGE_LOOP_ANALYSIS = YES;
				CLANG_WARN_STRICT_PROTOTYPES = YES;
				CLANG_WARN_SUSPICIOUS_MOVE = YES;
				CLANG_WARN_UNGUARDED_AVAILABILITY = YES_AGGRESSIVE;
				CLANG_WARN_UNREACHABLE_CODE = YES;
				CLANG_WARN__DUPLICATE_METHOD_MATCH = YES;
				CODE_SIGN_IDENTITY = "Mac Developer";
				COPY_PHASE_STRIP = NO;
				DEBUG_INFORMATION_FORMAT = "dwarf-with-dsym";
				ENABLE_NS_ASSERTIONS = NO;
				ENABLE_STRICT_OBJC_MSGSEND = YES;
				GCC_C_LANGUAGE_STANDARD = gnu11;
				GCC_NO_COMMON_BLOCKS = YES;
				GCC_WARN_64_TO_32_BIT_CONVERSION = YES;
				GCC_WARN_ABOUT_RETURN_TYPE = YES_ERROR;
				GCC_WARN_UNDECLARED_SELECTOR = YES;
				GCC_WARN_UNINITIALIZED_AUTOS = YES_AGGRESSIVE;
				GCC_WARN_UNUSED_FUNCTION = YES;
				GCC_WARN_UNUSED_VARIABLE = YES;
				MACOSX_DEPLOYMENT_TARGET = 10.14;
				MTL_ENABLE_DEBUG_INFO = NO;
				MTL_FAST_MATH = YES;
				SDKROOT = macosx;
			};
			name = Release;
		};
		93D546722231544000B66D7F /* Debug */ = {
			isa = XCBuildConfiguration;
			buildSettings = {
				CLANG_ENABLE_MODULES = NO;
				CLANG_WARN_DOCUMENTATION_COMMENTS = NO;
				CODE_SIGN_IDENTITY = "-";
				CODE_SIGN_STYLE = Automatic;
				DEVELOPMENT_TEAM = 8DMX39VBGM;
				GCC_PREPROCESSOR_DEFINITIONS = "DEBUG=1";
				GCC_WARN_UNUSED_FUNCTION = NO;
				HEADER_SEARCH_PATHS = (
					"$(PROJECT_DIR)/Voxels/glew",
					"$(PROJECT_DIR)/Voxels",
				);
				LIBRARY_SEARCH_PATHS = "";
				PRODUCT_NAME = "$(TARGET_NAME)";
				PROVISIONING_PROFILE_SPECIFIER = "";
			};
			name = Debug;
		};
		93D546732231544000B66D7F /* Release */ = {
			isa = XCBuildConfiguration;
			buildSettings = {
				CLANG_ENABLE_MODULES = NO;
				CLANG_WARN_DOCUMENTATION_COMMENTS = NO;
				CODE_SIGN_IDENTITY = "-";
				CODE_SIGN_STYLE = Automatic;
				DEVELOPMENT_TEAM = 8DMX39VBGM;
				GCC_PREPROCESSOR_DEFINITIONS = "";
				GCC_WARN_UNUSED_FUNCTION = NO;
				HEADER_SEARCH_PATHS = (
					"$(PROJECT_DIR)/Voxels/glew",
					"$(PROJECT_DIR)/Voxels",
				);
				LIBRARY_SEARCH_PATHS = "";
				PRODUCT_NAME = "$(TARGET_NAME)";
				PROVISIONING_PROFILE_SPECIFIER = "";
			};
			name = Release;
		};
/* End XCBuildConfiguration section */

/* Begin XCConfigurationList section */
		93D546652231544000B66D7F /* Build configuration list for PBXProject "Voxels" */ = {
			isa = XCConfigurationList;
			buildConfigurations = (
				93D5466F2231544000B66D7F /* Debug */,
				93D546702231544000B66D7F /* Release */,
			);
			defaultConfigurationIsVisible = 0;
			defaultConfigurationName = Release;
		};
		93D546712231544000B66D7F /* Build configuration list for PBXNativeTarget "Voxels" */ = {
			isa = XCConfigurationList;
			buildConfigurations = (
				93D546722231544000B66D7F /* Debug */,
				93D546732231544000B66D7F /* Release */,
			);
			defaultConfigurationIsVisible = 0;
			defaultConfigurationName = Release;
		};
/* End XCConfigurationList section */
	};
	rootObject = 93D546622231544000B66D7F /* Project object */;
}
